PODS:
  - ArcGIS-Runtime-SDK-iOS (100.6)
  - FirebaseAnalytics (6.1.6):
    - FirebaseCore (~> 6.4)
    - FirebaseInstanceID (~> 4.2)
    - GoogleAppMeasurement (= 6.1.6)
    - GoogleUtilities/AppDelegateSwizzler (~> 6.0)
    - GoogleUtilities/MethodSwizzler (~> 6.0)
    - GoogleUtilities/Network (~> 6.0)
    - "GoogleUtilities/NSData+zlib (~> 6.0)"
    - nanopb (= 0.3.9011)
  - FirebaseCore (6.4.0):
    - FirebaseCoreDiagnostics (~> 1.0)
    - FirebaseCoreDiagnosticsInterop (~> 1.0)
    - GoogleUtilities/Environment (~> 6.2)
    - GoogleUtilities/Logger (~> 6.2)
  - FirebaseCoreDiagnostics (1.1.2):
    - FirebaseCoreDiagnosticsInterop (~> 1.0)
    - GoogleDataTransportCCTSupport (~> 1.0)
    - GoogleUtilities/Environment (~> 6.2)
    - GoogleUtilities/Logger (~> 6.2)
    - nanopb (~> 0.3.901)
  - FirebaseCoreDiagnosticsInterop (1.1.0)
  - FirebaseInstanceID (4.2.7):
    - FirebaseCore (~> 6.0)
    - GoogleUtilities/Environment (~> 6.0)
    - GoogleUtilities/UserDefaults (~> 6.0)
  - Floaty (4.2.0)
  - GoogleAppMeasurement (6.1.6):
    - GoogleUtilities/AppDelegateSwizzler (~> 6.0)
    - GoogleUtilities/MethodSwizzler (~> 6.0)
    - GoogleUtilities/Network (~> 6.0)
    - "GoogleUtilities/NSData+zlib (~> 6.0)"
    - nanopb (= 0.3.9011)
  - GoogleDataTransport (3.2.0)
  - GoogleDataTransportCCTSupport (1.2.2):
    - GoogleDataTransport (~> 3.2)
    - nanopb (~> 0.3.901)
  - GoogleUtilities/AppDelegateSwizzler (6.3.2):
    - GoogleUtilities/Environment
    - GoogleUtilities/Logger
    - GoogleUtilities/Network
  - GoogleUtilities/Environment (6.3.2)
  - GoogleUtilities/Logger (6.3.2):
    - GoogleUtilities/Environment
  - GoogleUtilities/MethodSwizzler (6.3.2):
    - GoogleUtilities/Logger
  - GoogleUtilities/Network (6.3.2):
    - GoogleUtilities/Logger
    - "GoogleUtilities/NSData+zlib"
    - GoogleUtilities/Reachability
  - "GoogleUtilities/NSData+zlib (6.3.2)"
  - GoogleUtilities/Reachability (6.3.2):
    - GoogleUtilities/Logger
  - GoogleUtilities/UserDefaults (6.3.2):
    - GoogleUtilities/Logger
  - Mapbox-iOS-SDK (5.5.0)
  - MapboxCoreNavigation (0.38.1):
    - MapboxDirections.swift (~> 0.30.0)
    - MapboxMobileEvents (~> 0.9.5)
    - MapboxNavigationNative (~> 6.2.1)
    - Turf (~> 0.3.0)
  - MapboxDirections.swift (0.30.0):
    - Polyline (~> 4.2)
  - MapboxGeocoder.swift (0.11.0)
  - MapboxMobileEvents (0.9.5)
  - MapboxNavigation (0.38.1):
    - Mapbox-iOS-SDK (~> 5.2)
    - MapboxCoreNavigation (= 0.38.1)
    - MapboxSpeech (~> 0.1.0)
    - Solar (~> 2.1)
  - MapboxNavigationNative (6.2.1)
  - MapboxSpeech (0.1.1)
  - nanopb (0.3.9011):
    - nanopb/decode (= 0.3.9011)
    - nanopb/encode (= 0.3.9011)
  - nanopb/decode (0.3.9011)
  - nanopb/encode (0.3.9011)
  - PocketSVG (2.5.0)
  - Polyline (4.2.1)
  - SideMenu (6.4.7)
  - Solar (2.1.0)
  - SwiftKeychainWrapper (3.4.0)
  - Turf (0.3.0)

DEPENDENCIES:
  - ArcGIS-Runtime-SDK-iOS (= 100.6)
  - FirebaseAnalytics
  - Floaty
  - MapboxGeocoder.swift (~> 0.11)
  - MapboxNavigation
  - PocketSVG (~> 2.0)
  - SideMenu
  - SwiftKeychainWrapper (~> 3.0)

SPEC REPOS:
  trunk:
    - ArcGIS-Runtime-SDK-iOS
    - FirebaseAnalytics
    - FirebaseCore
    - FirebaseCoreDiagnostics
    - FirebaseCoreDiagnosticsInterop
    - FirebaseInstanceID
    - Floaty
    - GoogleAppMeasurement
    - GoogleDataTransport
    - GoogleDataTransportCCTSupport
    - GoogleUtilities
    - Mapbox-iOS-SDK
    - MapboxCoreNavigation
    - MapboxDirections.swift
    - MapboxGeocoder.swift
    - MapboxMobileEvents
    - MapboxNavigation
    - MapboxNavigationNative
    - MapboxSpeech
    - nanopb
    - PocketSVG
    - Polyline
    - SideMenu
    - Solar
    - SwiftKeychainWrapper
    - Turf

SPEC CHECKSUMS:
  ArcGIS-Runtime-SDK-iOS: eaf6376bda9504f6bbf1952744c286f576da69d8
  FirebaseAnalytics: 45f36d9c429fc91d206283900ab75390cd05ee8a
  FirebaseCore: 307ea2508df730c5865334e41965bd9ea344b0e5
  FirebaseCoreDiagnostics: 511f4f3ed7d440bb69127e8b97c2bc8befae639e
  FirebaseCoreDiagnosticsInterop: e9b1b023157e3a2fc6418b5cb601e79b9af7b3a0
  FirebaseInstanceID: ebd2ea79ee38db0cb5f5167b17a0d387e1cc7b6e
  Floaty: e2bd5a0f6f7f70899e26ff2da31081c8bee8d1b0
  GoogleAppMeasurement: dfe55efa543e899d906309eaaac6ca26d249862f
  GoogleDataTransport: 8e9b210c97d55fbff306cc5468ff91b9cb32dcf5
  GoogleDataTransportCCTSupport: ef79a4728b864946a8aafdbab770d5294faf3b5f
  GoogleUtilities: 547a86735c6f0ee30ad17e94df4fc21f616b71cb
  Mapbox-iOS-SDK: 7fa66a27e586acb14c7f32ec5a487343e3994451
  MapboxCoreNavigation: a0b212c232dcea1954ed27078ea5e76620a02f58
  MapboxDirections.swift: 1c6df988c24b753888ebd9976d7c98632501a413
  MapboxGeocoder.swift: b78a3d2f42bef7d51edbb2444768634e5de722db
  MapboxMobileEvents: f6c21b2e59066c5c7093585de7c15adae3b63da0
  MapboxNavigation: cb3ca44dabf351a9636e01f62664715c9c2e9eea
  MapboxNavigationNative: 11dc22140f4698d3f26989f2b6379dc81ef0d4c1
  MapboxSpeech: 59b3984d3f433a443d24acf53097f918c5cc70f9
  nanopb: 18003b5e52dab79db540fe93fe9579f399bd1ccd
  PocketSVG: 9d9c4bc8e7d8dbbc208bd21e5c92814fd3c6c34d
  Polyline: 0e9890790292741c8186201a536b6bb6a78d02dd
  SideMenu: 928a015669c3afc201e1fe3a87f1b0bc8993a664
  Solar: 2dc6e7cc39186cb0c8228fa08df76fb50c7d8f24
  SwiftKeychainWrapper: 6fc49fbf7d4a6b0772917acb0e53a1639f6078d6
  Turf: c6bdf62d6a70c647874f295dd1cf4eefc0c3e9e6

PODFILE CHECKSUM: ad94206c4159f45880287a83002cc6bef0526b03

COCOAPODS: 1.8.4
