// !$*UTF8*$!
{
	archiveVersion = 1;
	classes = {
	};
	objectVersion = 51;
	objects = {

/* Begin PBXBuildFile section */
		446F3903230DA7FC00D57DE3 /* User.swift in Sources */ = {isa = PBXBuildFile; fileRef = 446F3902230DA7FC00D57DE3 /* User.swift */; };
		447831E623146AC5007D50E7 /* Vehicle.swift in Sources */ = {isa = PBXBuildFile; fileRef = 447831E523146AC5007D50E7 /* Vehicle.swift */; };
		447831E823146CE0007D50E7 /* VehicleFormViewController.swift in Sources */ = {isa = PBXBuildFile; fileRef = 447831E723146CE0007D50E7 /* VehicleFormViewController.swift */; };
		447831EC23146D65007D50E7 /* GoogleService-Info.plist in Resources */ = {isa = PBXBuildFile; fileRef = 447831EA23146D65007D50E7 /* GoogleService-Info.plist */; };
		449435622314784A00FC4680 /* SideMenuTableViewController.swift in Sources */ = {isa = PBXBuildFile; fileRef = 449435612314784A00FC4680 /* SideMenuTableViewController.swift */; };
		44EAD664231EF5FC00094531 /* Settings.swift in Sources */ = {isa = PBXBuildFile; fileRef = 44EAD663231EF5FC00094531 /* Settings.swift */; };
		D11ABC2C2318DF6A0046F7D3 /* Assets.xcassets in Resources */ = {isa = PBXBuildFile; fileRef = D11ABC2B2318DF6A0046F7D3 /* Assets.xcassets */; };
		D11ABC2E2318E3140046F7D3 /* DirectionsSearchTableViewController.swift in Sources */ = {isa = PBXBuildFile; fileRef = D11ABC2D2318E3140046F7D3 /* DirectionsSearchTableViewController.swift */; };
		D11ABC302318EA240046F7D3 /* DirectionsController.swift in Sources */ = {isa = PBXBuildFile; fileRef = D11ABC2F2318EA240046F7D3 /* DirectionsController.swift */; };
		D122B3402326EF6F00A4C3DE /* AppConfiguration.swift in Sources */ = {isa = PBXBuildFile; fileRef = D122B33F2326EF6F00A4C3DE /* AppConfiguration.swift */; };
		D185F9562322FABE00E4C64A /* Avoid.swift in Sources */ = {isa = PBXBuildFile; fileRef = D185F9552322FABE00E4C64A /* Avoid.swift */; };
		D18DAE70230B3C3D00D7C151 /* AppDelegate.swift in Sources */ = {isa = PBXBuildFile; fileRef = D18DAE6F230B3C3D00D7C151 /* AppDelegate.swift */; };
		D18DAE72230B3C3D00D7C151 /* MapViewController.swift in Sources */ = {isa = PBXBuildFile; fileRef = D18DAE71230B3C3D00D7C151 /* MapViewController.swift */; };
		D18DAE75230B3C3D00D7C151 /* Main.storyboard in Resources */ = {isa = PBXBuildFile; fileRef = D18DAE73230B3C3D00D7C151 /* Main.storyboard */; };
		D18DAE7A230B3C3F00D7C151 /* LaunchScreen.storyboard in Resources */ = {isa = PBXBuildFile; fileRef = D18DAE78230B3C3F00D7C151 /* LaunchScreen.storyboard */; };
		D18DAE82230C85EC00D7C151 /* LoginViewController.swift in Sources */ = {isa = PBXBuildFile; fileRef = D18DAE81230C85EC00D7C151 /* LoginViewController.swift */; };
		D197845F2319BE4F00C56884 /* VehiclesTableViewController.swift in Sources */ = {isa = PBXBuildFile; fileRef = D197845E2319BE4F00C56884 /* VehiclesTableViewController.swift */; };
		D1BCDD7F230DB69B00986A18 /* NetworkController.swift in Sources */ = {isa = PBXBuildFile; fileRef = D1BCDD7E230DB69B00986A18 /* NetworkController.swift */; };
		D8D1C32546DCAF7850A23C2F /* Pods_RVNav.framework in Frameworks */ = {isa = PBXBuildFile; fileRef = 4FF49070387DFC10FBB9C48A /* Pods_RVNav.framework */; };
/* End PBXBuildFile section */

/* Begin PBXFileReference section */
		2D434D66FFEBA839F3C00041 /* Pods-RVNav.release.xcconfig */ = {isa = PBXFileReference; includeInIndex = 1; lastKnownFileType = text.xcconfig; name = "Pods-RVNav.release.xcconfig"; path = "Target Support Files/Pods-RVNav/Pods-RVNav.release.xcconfig"; sourceTree = "<group>"; };
		446F3902230DA7FC00D57DE3 /* User.swift */ = {isa = PBXFileReference; lastKnownFileType = sourcecode.swift; path = User.swift; sourceTree = "<group>"; };
		447831E523146AC5007D50E7 /* Vehicle.swift */ = {isa = PBXFileReference; lastKnownFileType = sourcecode.swift; path = Vehicle.swift; sourceTree = "<group>"; };
		447831E723146CE0007D50E7 /* VehicleFormViewController.swift */ = {isa = PBXFileReference; lastKnownFileType = sourcecode.swift; path = VehicleFormViewController.swift; sourceTree = "<group>"; };
		447831E923146D65007D50E7 /* Info.plist */ = {isa = PBXFileReference; fileEncoding = 4; lastKnownFileType = text.plist.xml; path = Info.plist; sourceTree = "<group>"; };
		447831EA23146D65007D50E7 /* GoogleService-Info.plist */ = {isa = PBXFileReference; fileEncoding = 4; lastKnownFileType = text.plist.xml; path = "GoogleService-Info.plist"; sourceTree = "<group>"; };
		449435612314784A00FC4680 /* SideMenuTableViewController.swift */ = {isa = PBXFileReference; lastKnownFileType = sourcecode.swift; path = SideMenuTableViewController.swift; sourceTree = "<group>"; };
		44EAD663231EF5FC00094531 /* Settings.swift */ = {isa = PBXFileReference; lastKnownFileType = sourcecode.swift; path = Settings.swift; sourceTree = "<group>"; };
		4FF49070387DFC10FBB9C48A /* Pods_RVNav.framework */ = {isa = PBXFileReference; explicitFileType = wrapper.framework; includeInIndex = 0; path = Pods_RVNav.framework; sourceTree = BUILT_PRODUCTS_DIR; };
		D11ABC2B2318DF6A0046F7D3 /* Assets.xcassets */ = {isa = PBXFileReference; lastKnownFileType = folder.assetcatalog; path = Assets.xcassets; sourceTree = "<group>"; };
		D11ABC2D2318E3140046F7D3 /* DirectionsSearchTableViewController.swift */ = {isa = PBXFileReference; lastKnownFileType = sourcecode.swift; path = DirectionsSearchTableViewController.swift; sourceTree = "<group>"; };
		D11ABC2F2318EA240046F7D3 /* DirectionsController.swift */ = {isa = PBXFileReference; lastKnownFileType = sourcecode.swift; path = DirectionsController.swift; sourceTree = "<group>"; };
		D122B33F2326EF6F00A4C3DE /* AppConfiguration.swift */ = {isa = PBXFileReference; fileEncoding = 4; lastKnownFileType = sourcecode.swift; path = AppConfiguration.swift; sourceTree = "<group>"; };
		D185F9552322FABE00E4C64A /* Avoid.swift */ = {isa = PBXFileReference; lastKnownFileType = sourcecode.swift; path = Avoid.swift; sourceTree = "<group>"; };
		D18DAE6C230B3C3C00D7C151 /* RVNav.app */ = {isa = PBXFileReference; explicitFileType = wrapper.application; includeInIndex = 0; path = RVNav.app; sourceTree = BUILT_PRODUCTS_DIR; };
		D18DAE6F230B3C3D00D7C151 /* AppDelegate.swift */ = {isa = PBXFileReference; lastKnownFileType = sourcecode.swift; path = AppDelegate.swift; sourceTree = "<group>"; };
		D18DAE71230B3C3D00D7C151 /* MapViewController.swift */ = {isa = PBXFileReference; lastKnownFileType = sourcecode.swift; path = MapViewController.swift; sourceTree = "<group>"; };
		D18DAE74230B3C3D00D7C151 /* Base */ = {isa = PBXFileReference; lastKnownFileType = file.storyboard; name = Base; path = Base.lproj/Main.storyboard; sourceTree = "<group>"; };
		D18DAE79230B3C3F00D7C151 /* Base */ = {isa = PBXFileReference; lastKnownFileType = file.storyboard; name = Base; path = Base.lproj/LaunchScreen.storyboard; sourceTree = "<group>"; };
		D18DAE81230C85EC00D7C151 /* LoginViewController.swift */ = {isa = PBXFileReference; lastKnownFileType = sourcecode.swift; path = LoginViewController.swift; sourceTree = "<group>"; };
		D197845E2319BE4F00C56884 /* VehiclesTableViewController.swift */ = {isa = PBXFileReference; fileEncoding = 4; lastKnownFileType = sourcecode.swift; path = VehiclesTableViewController.swift; sourceTree = "<group>"; };
		D1BCDD7E230DB69B00986A18 /* NetworkController.swift */ = {isa = PBXFileReference; lastKnownFileType = sourcecode.swift; path = NetworkController.swift; sourceTree = "<group>"; };
		FAD10D91F6469EDBAF57EDA8 /* Pods-RVNav.debug.xcconfig */ = {isa = PBXFileReference; includeInIndex = 1; lastKnownFileType = text.xcconfig; name = "Pods-RVNav.debug.xcconfig"; path = "Target Support Files/Pods-RVNav/Pods-RVNav.debug.xcconfig"; sourceTree = "<group>"; };
/* End PBXFileReference section */

/* Begin PBXFrameworksBuildPhase section */
		D18DAE69230B3C3C00D7C151 /* Frameworks */ = {
			isa = PBXFrameworksBuildPhase;
			buildActionMask = 2147483647;
			files = (
				D8D1C32546DCAF7850A23C2F /* Pods_RVNav.framework in Frameworks */,
			);
			runOnlyForDeploymentPostprocessing = 0;
		};
/* End PBXFrameworksBuildPhase section */

/* Begin PBXGroup section */
		37762777621EC0174A835EA3 /* Frameworks */ = {
			isa = PBXGroup;
			children = (
				4FF49070387DFC10FBB9C48A /* Pods_RVNav.framework */,
			);
			name = Frameworks;
			sourceTree = "<group>";
		};
		9326FAB956C45CAD0A34795B /* Pods */ = {
			isa = PBXGroup;
			children = (
				FAD10D91F6469EDBAF57EDA8 /* Pods-RVNav.debug.xcconfig */,
				2D434D66FFEBA839F3C00041 /* Pods-RVNav.release.xcconfig */,
			);
			path = Pods;
			sourceTree = "<group>";
		};
		D18DAE63230B3C3C00D7C151 = {
			isa = PBXGroup;
			children = (
				D18DAE6E230B3C3D00D7C151 /* RVNav */,
				D18DAE6D230B3C3C00D7C151 /* Products */,
				9326FAB956C45CAD0A34795B /* Pods */,
				37762777621EC0174A835EA3 /* Frameworks */,
			);
			sourceTree = "<group>";
		};
		D18DAE6D230B3C3C00D7C151 /* Products */ = {
			isa = PBXGroup;
			children = (
				D18DAE6C230B3C3C00D7C151 /* RVNav.app */,
			);
			name = Products;
			sourceTree = "<group>";
		};
		D18DAE6E230B3C3D00D7C151 /* RVNav */ = {
			isa = PBXGroup;
			children = (
				D1BCDD84230E0F9500986A18 /* Resources */,
				D1BCDD80230E0F4C00986A18 /* ViewControllers */,
				D1BCDD81230E0F5D00986A18 /* Models */,
				D1BCDD82230E0F6900986A18 /* ModelControllers */,
				D1BCDD83230E0F8400986A18 /* Storyboards */,
			);
			path = RVNav;
			sourceTree = "<group>";
		};
		D1BCDD80230E0F4C00986A18 /* ViewControllers */ = {
			isa = PBXGroup;
			children = (
				D18DAE71230B3C3D00D7C151 /* MapViewController.swift */,
				D18DAE81230C85EC00D7C151 /* LoginViewController.swift */,
				447831E723146CE0007D50E7 /* VehicleFormViewController.swift */,
				449435612314784A00FC4680 /* SideMenuTableViewController.swift */,
				D11ABC2D2318E3140046F7D3 /* DirectionsSearchTableViewController.swift */,
				D197845E2319BE4F00C56884 /* VehiclesTableViewController.swift */,
			);
			path = ViewControllers;
			sourceTree = "<group>";
		};
		D1BCDD81230E0F5D00986A18 /* Models */ = {
			isa = PBXGroup;
			children = (
				446F3902230DA7FC00D57DE3 /* User.swift */,
				D185F9552322FABE00E4C64A /* Avoid.swift */,
				44EAD663231EF5FC00094531 /* Settings.swift */,
				447831E523146AC5007D50E7 /* Vehicle.swift */,
			);
			path = Models;
			sourceTree = "<group>";
		};
		D1BCDD82230E0F6900986A18 /* ModelControllers */ = {
			isa = PBXGroup;
			children = (
				D1BCDD7E230DB69B00986A18 /* NetworkController.swift */,
				D11ABC2F2318EA240046F7D3 /* DirectionsController.swift */,
			);
			path = ModelControllers;
			sourceTree = "<group>";
		};
		D1BCDD83230E0F8400986A18 /* Storyboards */ = {
			isa = PBXGroup;
			children = (
				D18DAE73230B3C3D00D7C151 /* Main.storyboard */,
				D18DAE78230B3C3F00D7C151 /* LaunchScreen.storyboard */,
			);
			path = Storyboards;
			sourceTree = "<group>";
		};
		D1BCDD84230E0F9500986A18 /* Resources */ = {
			isa = PBXGroup;
			children = (
				D11ABC2B2318DF6A0046F7D3 /* Assets.xcassets */,
				D18DAE6F230B3C3D00D7C151 /* AppDelegate.swift */,
				D122B33F2326EF6F00A4C3DE /* AppConfiguration.swift */,
				447831EA23146D65007D50E7 /* GoogleService-Info.plist */,
				447831E923146D65007D50E7 /* Info.plist */,
			);
			path = Resources;
			sourceTree = "<group>";
		};
/* End PBXGroup section */

/* Begin PBXNativeTarget section */
		D18DAE6B230B3C3C00D7C151 /* RVNav */ = {
			isa = PBXNativeTarget;
			buildConfigurationList = D18DAE7E230B3C3F00D7C151 /* Build configuration list for PBXNativeTarget "RVNav" */;
			buildPhases = (
				B0E6B7329DF16D45B5BB2BF0 /* [CP] Check Pods Manifest.lock */,
				D18DAE68230B3C3C00D7C151 /* Sources */,
				D18DAE69230B3C3C00D7C151 /* Frameworks */,
				D18DAE6A230B3C3C00D7C151 /* Resources */,
				70054497233F6876AC5140E9 /* [CP] Embed Pods Frameworks */,
			);
			buildRules = (
			);
			dependencies = (
			);
			name = RVNav;
			productName = RVNav;
			productReference = D18DAE6C230B3C3C00D7C151 /* RVNav.app */;
			productType = "com.apple.product-type.application";
		};
/* End PBXNativeTarget section */

/* Begin PBXProject section */
		D18DAE64230B3C3C00D7C151 /* Project object */ = {
			isa = PBXProject;
			attributes = {
				LastSwiftUpdateCheck = 1030;
				LastUpgradeCheck = 1030;
				ORGANIZATIONNAME = RVNav;
				TargetAttributes = {
					D18DAE6B230B3C3C00D7C151 = {
						CreatedOnToolsVersion = 10.3;
					};
				};
			};
			buildConfigurationList = D18DAE67230B3C3C00D7C151 /* Build configuration list for PBXProject "RVNav" */;
			compatibilityVersion = "Xcode 9.3";
			developmentRegion = en;
			hasScannedForEncodings = 0;
			knownRegions = (
				en,
				Base,
			);
			mainGroup = D18DAE63230B3C3C00D7C151;
			productRefGroup = D18DAE6D230B3C3C00D7C151 /* Products */;
			projectDirPath = "";
			projectRoot = "";
			targets = (
				D18DAE6B230B3C3C00D7C151 /* RVNav */,
			);
		};
/* End PBXProject section */

/* Begin PBXResourcesBuildPhase section */
		D18DAE6A230B3C3C00D7C151 /* Resources */ = {
			isa = PBXResourcesBuildPhase;
			buildActionMask = 2147483647;
			files = (
				D18DAE7A230B3C3F00D7C151 /* LaunchScreen.storyboard in Resources */,
				447831EC23146D65007D50E7 /* GoogleService-Info.plist in Resources */,
				D11ABC2C2318DF6A0046F7D3 /* Assets.xcassets in Resources */,
				D18DAE75230B3C3D00D7C151 /* Main.storyboard in Resources */,
			);
			runOnlyForDeploymentPostprocessing = 0;
		};
/* End PBXResourcesBuildPhase section */

/* Begin PBXShellScriptBuildPhase section */
		70054497233F6876AC5140E9 /* [CP] Embed Pods Frameworks */ = {
			isa = PBXShellScriptBuildPhase;
			buildActionMask = 2147483647;
			files = (
			);
			inputFileListPaths = (
				"${PODS_ROOT}/Target Support Files/Pods-RVNav/Pods-RVNav-frameworks-${CONFIGURATION}-input-files.xcfilelist",
			);
			name = "[CP] Embed Pods Frameworks";
			outputFileListPaths = (
				"${PODS_ROOT}/Target Support Files/Pods-RVNav/Pods-RVNav-frameworks-${CONFIGURATION}-output-files.xcfilelist",
			);
			runOnlyForDeploymentPostprocessing = 0;
			shellPath = /bin/sh;
			shellScript = "\"${PODS_ROOT}/Target Support Files/Pods-RVNav/Pods-RVNav-frameworks.sh\"\n";
			showEnvVarsInLog = 0;
		};
		B0E6B7329DF16D45B5BB2BF0 /* [CP] Check Pods Manifest.lock */ = {
			isa = PBXShellScriptBuildPhase;
			buildActionMask = 2147483647;
			files = (
			);
			inputFileListPaths = (
			);
			inputPaths = (
				"${PODS_PODFILE_DIR_PATH}/Podfile.lock",
				"${PODS_ROOT}/Manifest.lock",
			);
			name = "[CP] Check Pods Manifest.lock";
			outputFileListPaths = (
			);
			outputPaths = (
				"$(DERIVED_FILE_DIR)/Pods-RVNav-checkManifestLockResult.txt",
			);
			runOnlyForDeploymentPostprocessing = 0;
			shellPath = /bin/sh;
			shellScript = "diff \"${PODS_PODFILE_DIR_PATH}/Podfile.lock\" \"${PODS_ROOT}/Manifest.lock\" > /dev/null\nif [ $? != 0 ] ; then\n    # print error to STDERR\n    echo \"error: The sandbox is not in sync with the Podfile.lock. Run 'pod install' or update your CocoaPods installation.\" >&2\n    exit 1\nfi\n# This output is used by Xcode 'outputs' to avoid re-running this script phase.\necho \"SUCCESS\" > \"${SCRIPT_OUTPUT_FILE_0}\"\n";
			showEnvVarsInLog = 0;
		};
/* End PBXShellScriptBuildPhase section */

/* Begin PBXSourcesBuildPhase section */
		D18DAE68230B3C3C00D7C151 /* Sources */ = {
			isa = PBXSourcesBuildPhase;
			buildActionMask = 2147483647;
			files = (
				446F3903230DA7FC00D57DE3 /* User.swift in Sources */,
				447831E823146CE0007D50E7 /* VehicleFormViewController.swift in Sources */,
				D18DAE82230C85EC00D7C151 /* LoginViewController.swift in Sources */,
				D18DAE72230B3C3D00D7C151 /* MapViewController.swift in Sources */,
				D18DAE70230B3C3D00D7C151 /* AppDelegate.swift in Sources */,
				D11ABC302318EA240046F7D3 /* DirectionsController.swift in Sources */,
				D185F9562322FABE00E4C64A /* Avoid.swift in Sources */,
				44EAD664231EF5FC00094531 /* Settings.swift in Sources */,
				D197845F2319BE4F00C56884 /* VehiclesTableViewController.swift in Sources */,
				447831E623146AC5007D50E7 /* Vehicle.swift in Sources */,
				D1BCDD7F230DB69B00986A18 /* NetworkController.swift in Sources */,
				D11ABC2E2318E3140046F7D3 /* DirectionsSearchTableViewController.swift in Sources */,
				D122B3402326EF6F00A4C3DE /* AppConfiguration.swift in Sources */,
				449435622314784A00FC4680 /* SideMenuTableViewController.swift in Sources */,
			);
			runOnlyForDeploymentPostprocessing = 0;
		};
/* End PBXSourcesBuildPhase section */

/* Begin PBXVariantGroup section */
		D18DAE73230B3C3D00D7C151 /* Main.storyboard */ = {
			isa = PBXVariantGroup;
			children = (
				D18DAE74230B3C3D00D7C151 /* Base */,
			);
			name = Main.storyboard;
			sourceTree = "<group>";
		};
		D18DAE78230B3C3F00D7C151 /* LaunchScreen.storyboard */ = {
			isa = PBXVariantGroup;
			children = (
				D18DAE79230B3C3F00D7C151 /* Base */,
			);
			name = LaunchScreen.storyboard;
			sourceTree = "<group>";
		};
/* End PBXVariantGroup section */

/* Begin XCBuildConfiguration section */
		D18DAE7C230B3C3F00D7C151 /* Debug */ = {
			isa = XCBuildConfiguration;
			buildSettings = {
				ALWAYS_SEARCH_USER_PATHS = NO;
				CLANG_ANALYZER_NONNULL = YES;
				CLANG_ANALYZER_NUMBER_OBJECT_CONVERSION = YES_AGGRESSIVE;
				CLANG_CXX_LANGUAGE_STANDARD = "gnu++14";
				CLANG_CXX_LIBRARY = "libc++";
				CLANG_ENABLE_MODULES = YES;
				CLANG_ENABLE_OBJC_ARC = YES;
				CLANG_ENABLE_OBJC_WEAK = YES;
				CLANG_WARN_BLOCK_CAPTURE_AUTORELEASING = YES;
				CLANG_WARN_BOOL_CONVERSION = YES;
				CLANG_WARN_COMMA = YES;
				CLANG_WARN_CONSTANT_CONVERSION = YES;
				CLANG_WARN_DEPRECATED_OBJC_IMPLEMENTATIONS = YES;
				CLANG_WARN_DIRECT_OBJC_ISA_USAGE = YES_ERROR;
				CLANG_WARN_DOCUMENTATION_COMMENTS = YES;
				CLANG_WARN_EMPTY_BODY = YES;
				CLANG_WARN_ENUM_CONVERSION = YES;
				CLANG_WARN_INFINITE_RECURSION = YES;
				CLANG_WARN_INT_CONVERSION = YES;
				CLANG_WARN_NON_LITERAL_NULL_CONVERSION = YES;
				CLANG_WARN_OBJC_IMPLICIT_RETAIN_SELF = YES;
				CLANG_WARN_OBJC_LITERAL_CONVERSION = YES;
				CLANG_WARN_OBJC_ROOT_CLASS = YES_ERROR;
				CLANG_WARN_RANGE_LOOP_ANALYSIS = YES;
				CLANG_WARN_STRICT_PROTOTYPES = YES;
				CLANG_WARN_SUSPICIOUS_MOVE = YES;
				CLANG_WARN_UNGUARDED_AVAILABILITY = YES_AGGRESSIVE;
				CLANG_WARN_UNREACHABLE_CODE = YES;
				CLANG_WARN__DUPLICATE_METHOD_MATCH = YES;
				CODE_SIGN_IDENTITY = "iPhone Developer";
				COPY_PHASE_STRIP = NO;
				DEBUG_INFORMATION_FORMAT = dwarf;
				ENABLE_STRICT_OBJC_MSGSEND = YES;
				ENABLE_TESTABILITY = YES;
				GCC_C_LANGUAGE_STANDARD = gnu11;
				GCC_DYNAMIC_NO_PIC = NO;
				GCC_NO_COMMON_BLOCKS = YES;
				GCC_OPTIMIZATION_LEVEL = 0;
				GCC_PREPROCESSOR_DEFINITIONS = (
					"DEBUG=1",
					"$(inherited)",
				);
				GCC_WARN_64_TO_32_BIT_CONVERSION = YES;
				GCC_WARN_ABOUT_RETURN_TYPE = YES_ERROR;
				GCC_WARN_UNDECLARED_SELECTOR = YES;
				GCC_WARN_UNINITIALIZED_AUTOS = YES_AGGRESSIVE;
				GCC_WARN_UNUSED_FUNCTION = YES;
				GCC_WARN_UNUSED_VARIABLE = YES;
				IPHONEOS_DEPLOYMENT_TARGET = 12.4;
				MTL_ENABLE_DEBUG_INFO = INCLUDE_SOURCE;
				MTL_FAST_MATH = YES;
				ONLY_ACTIVE_ARCH = YES;
				SDKROOT = iphoneos;
				SWIFT_ACTIVE_COMPILATION_CONDITIONS = DEBUG;
				SWIFT_OPTIMIZATION_LEVEL = "-Onone";
			};
			name = Debug;
		};
		D18DAE7D230B3C3F00D7C151 /* Release */ = {
			isa = XCBuildConfiguration;
			buildSettings = {
				ALWAYS_SEARCH_USER_PATHS = NO;
				CLANG_ANALYZER_NONNULL = YES;
				CLANG_ANALYZER_NUMBER_OBJECT_CONVERSION = YES_AGGRESSIVE;
				CLANG_CXX_LANGUAGE_STANDARD = "gnu++14";
				CLANG_CXX_LIBRARY = "libc++";
				CLANG_ENABLE_MODULES = YES;
				CLANG_ENABLE_OBJC_ARC = YES;
				CLANG_ENABLE_OBJC_WEAK = YES;
				CLANG_WARN_BLOCK_CAPTURE_AUTORELEASING = YES;
				CLANG_WARN_BOOL_CONVERSION = YES;
				CLANG_WARN_COMMA = YES;
				CLANG_WARN_CONSTANT_CONVERSION = YES;
				CLANG_WARN_DEPRECATED_OBJC_IMPLEMENTATIONS = YES;
				CLANG_WARN_DIRECT_OBJC_ISA_USAGE = YES_ERROR;
				CLANG_WARN_DOCUMENTATION_COMMENTS = YES;
				CLANG_WARN_EMPTY_BODY = YES;
				CLANG_WARN_ENUM_CONVERSION = YES;
				CLANG_WARN_INFINITE_RECURSION = YES;
				CLANG_WARN_INT_CONVERSION = YES;
				CLANG_WARN_NON_LITERAL_NULL_CONVERSION = YES;
				CLANG_WARN_OBJC_IMPLICIT_RETAIN_SELF = YES;
				CLANG_WARN_OBJC_LITERAL_CONVERSION = YES;
				CLANG_WARN_OBJC_ROOT_CLASS = YES_ERROR;
				CLANG_WARN_RANGE_LOOP_ANALYSIS = YES;
				CLANG_WARN_STRICT_PROTOTYPES = YES;
				CLANG_WARN_SUSPICIOUS_MOVE = YES;
				CLANG_WARN_UNGUARDED_AVAILABILITY = YES_AGGRESSIVE;
				CLANG_WARN_UNREACHABLE_CODE = YES;
				CLANG_WARN__DUPLICATE_METHOD_MATCH = YES;
				CODE_SIGN_IDENTITY = "iPhone Developer";
				COPY_PHASE_STRIP = NO;
				DEBUG_INFORMATION_FORMAT = "dwarf-with-dsym";
				ENABLE_NS_ASSERTIONS = NO;
				ENABLE_STRICT_OBJC_MSGSEND = YES;
				GCC_C_LANGUAGE_STANDARD = gnu11;
				GCC_NO_COMMON_BLOCKS = YES;
				GCC_WARN_64_TO_32_BIT_CONVERSION = YES;
				GCC_WARN_ABOUT_RETURN_TYPE = YES_ERROR;
				GCC_WARN_UNDECLARED_SELECTOR = YES;
				GCC_WARN_UNINITIALIZED_AUTOS = YES_AGGRESSIVE;
				GCC_WARN_UNUSED_FUNCTION = YES;
				GCC_WARN_UNUSED_VARIABLE = YES;
				IPHONEOS_DEPLOYMENT_TARGET = 12.4;
				MTL_ENABLE_DEBUG_INFO = NO;
				MTL_FAST_MATH = YES;
				SDKROOT = iphoneos;
				SWIFT_COMPILATION_MODE = wholemodule;
				SWIFT_OPTIMIZATION_LEVEL = "-O";
				VALIDATE_PRODUCT = YES;
			};
			name = Release;
		};
		D18DAE7F230B3C3F00D7C151 /* Debug */ = {
			isa = XCBuildConfiguration;
			baseConfigurationReference = FAD10D91F6469EDBAF57EDA8 /* Pods-RVNav.debug.xcconfig */;
			buildSettings = {
				ASSETCATALOG_COMPILER_APPICON_NAME = AppIcon;
				CODE_SIGN_IDENTITY = "iPhone Developer";
				CODE_SIGN_STYLE = Automatic;
				DEVELOPMENT_TEAM = F2KHAE3YT5;
				INFOPLIST_FILE = "$(SRCROOT)/RVNav/Resources/Info.plist";
				IPHONEOS_DEPLOYMENT_TARGET = 12.2;
				LD_RUNPATH_SEARCH_PATHS = (
					"$(inherited)",
					"@executable_path/Frameworks",
				);
				PRODUCT_BUNDLE_IDENTIFIER = com.jonathanferrer.RVNav;
				PRODUCT_NAME = "$(TARGET_NAME)";
				PROVISIONING_PROFILE_SPECIFIER = "";
				SWIFT_VERSION = 5.0;
				TARGETED_DEVICE_FAMILY = "1,2";
			};
			name = Debug;
		};
		D18DAE80230B3C3F00D7C151 /* Release */ = {
			isa = XCBuildConfiguration;
			baseConfigurationReference = 2D434D66FFEBA839F3C00041 /* Pods-RVNav.release.xcconfig */;
			buildSettings = {
				ASSETCATALOG_COMPILER_APPICON_NAME = AppIcon;
				CODE_SIGN_IDENTITY = "iPhone Developer";
				CODE_SIGN_STYLE = Automatic;
				DEVELOPMENT_TEAM = F2KHAE3YT5;
				INFOPLIST_FILE = "$(SRCROOT)/RVNav/Resources/Info.plist";
				IPHONEOS_DEPLOYMENT_TARGET = 12.2;
				LD_RUNPATH_SEARCH_PATHS = (
					"$(inherited)",
					"@executable_path/Frameworks",
				);
				PRODUCT_BUNDLE_IDENTIFIER = com.jonathanferrer.RVNav;
				PRODUCT_NAME = "$(TARGET_NAME)";
				PROVISIONING_PROFILE_SPECIFIER = "";
				SWIFT_VERSION = 5.0;
				TARGETED_DEVICE_FAMILY = "1,2";
			};
			name = Release;
		};
/* End XCBuildConfiguration section */

/* Begin XCConfigurationList section */
		D18DAE67230B3C3C00D7C151 /* Build configuration list for PBXProject "RVNav" */ = {
			isa = XCConfigurationList;
			buildConfigurations = (
				D18DAE7C230B3C3F00D7C151 /* Debug */,
				D18DAE7D230B3C3F00D7C151 /* Release */,
			);
			defaultConfigurationIsVisible = 0;
			defaultConfigurationName = Release;
		};
		D18DAE7E230B3C3F00D7C151 /* Build configuration list for PBXNativeTarget "RVNav" */ = {
			isa = XCConfigurationList;
			buildConfigurations = (
				D18DAE7F230B3C3F00D7C151 /* Debug */,
				D18DAE80230B3C3F00D7C151 /* Release */,
			);
			defaultConfigurationIsVisible = 0;
			defaultConfigurationName = Release;
		};
/* End XCConfigurationList section */
	};
	rootObject = D18DAE64230B3C3C00D7C151 /* Project object */;
}
